<?xml version="1.0" encoding="UTF-8"?>
<Scheme
   version = "1.3">
   <BuildAction>
      <BuildActionEntries>
         <BuildActionEntry
            buildForRunning = "YES">
            <BuildableReference
               BuildableIdentifier = "primary"
               BlueprintIdentifier = "7F77DE4FAF2336E5B2516CA9"
               BuildableName = "EarthMoverDistance"
               BlueprintName = "EarthMoverDistance"
               ReferencedContainer = "container:EarthMoverDistance.xcodeproj">
            </BuildableReference>
         </BuildActionEntry>
      </BuildActionEntries>
   </BuildAction>
   <LaunchAction
      useCustomWorkingDirectory = "NO"
      buildConfiguration = "Debug">
      <BuildableProductRunnable>
         <BuildableReference
            BuildableIdentifier = "primary"
            BlueprintIdentifier = "7F77DE4FAF2336E5B2516CA9"
            BuildableName = "EarthMoverDistance"
            BlueprintName = "EarthMoverDistance"
            ReferencedContainer = "container:EarthMoverDistance.xcodeproj">
         </BuildableReference>
      </BuildableProductRunnable>
   </LaunchAction>
</Scheme>
